version = 1
revision = 3
requires-python = ">=3.10"

[[package]]
name = "multi-model-review"
version = "0.1.0"
source = { editable = "." }
dependencies = [
    { name = "pypdf" },
]

[package.metadata]
requires-dist = [{ name = "pypdf", specifier = ">=4.0" }]

[[package]]
name = "pypdf"
version = "6.7.3"
source = { registry = "https://pypi.org/simple" }
dependencies = [
    { name = "typing-extensions", marker = "python_full_version < '3.11'" },
]
sdist = { url = "https://files.pythonhosted.org/packages/53/9b/63e767042fc852384dc71e5ff6f990ee4e1b165b1526cf3f9c23a4eebb47/pypdf-6.7.3.tar.gz", hash = "sha256:eca55c78d0ec7baa06f9288e2be5c4e8242d5cbb62c7a4b94f2716f8e50076d2", size = 5303304, upload-time = "2026-02-24T17:23:11.42Z" }
wheels = [
    { url = "https://files.pythonhosted.org/packages/b0/90/3308a9b8b46c1424181fdf3f4580d2b423c5471425799e7fc62f92d183f4/pypdf-6.7.3-py3-none-any.whl", hash = "sha256:cd25ac508f20b554a9fafd825186e3ba29591a69b78c156783c5d8a2d63a1c0a", size = 331263, upload-time = "2026-02-24T17:23:09.932Z" },
]

[[package]]
name = "typing-extensions"
version = "4.15.0"
source = { registry = "https://pypi.org/simple" }
sdist = { url = "https://files.pythonhosted.org/packages/72/94/1a15dd82efb362ac84269196e94cf00f187f7ed21c242792a923cdb1c61f/typing_extensions-4.15.0.tar.gz", hash = "sha256:0cea48d173cc12fa28ecabc3b837ea3cf6f38c6d1136f85cbaaf598984861466", size = 109391, upload-time = "2025-08-25T13:49:26.313Z" }
wheels = [
    { url = "https://files.pythonhosted.org/packages/18/67/36e9267722cc04a6b9f15c7f3441c2363321a3ea07da7ae0c0707beb2a9c/typing_extensions-4.15.0-py3-none-any.whl", hash = "sha256:f0fa19c6845758ab08074a0cfa8b7aecb71c999ca73d62883bc25cc018c4e548", size = 44614, upload-time = "2025-08-25T13:49:24.86Z" },
]
